
Microsoft Visual Studio Solution File, Format Version 12.00
# Visual Studio Version 17
VisualStudioVersion = 17.4.33110.190
MinimumVisualStudioVersion = 10.0.40219.1
Project("{FAE04EC0-301F-11D3-BF4B-00C04F79EFBC}") = "Find the unknown digit", "Find the unknown digit\Find the unknown digit.csproj", "{7A267FF9-9208-4776-A93E-9E96B886506B}"
EndProject
Global
	GlobalSection(SolutionConfigurationPlatforms) = preSolution
		Debug|Any CPU = Debug|Any CPU
		Release|Any CPU = Release|Any CPU
	EndGlobalSection
	GlobalSection(ProjectConfigurationPlatforms) = postSolution
		{7A267FF9-9208-4776-A93E-9E96B886506B}.Debug|Any CPU.ActiveCfg = Debug|Any CPU
		{7A267FF9-9208-4776-A93E-9E96B886506B}.Debug|Any CPU.Build.0 = Debug|Any CPU
		{7A267FF9-9208-4776-A93E-9E96B886506B}.Release|Any CPU.ActiveCfg = Release|Any CPU
		{7A267FF9-9208-4776-A93E-9E96B886506B}.Release|Any CPU.Build.0 = Release|Any CPU
	EndGlobalSection
	GlobalSection(SolutionProperties) = preSolution
		HideSolutionNode = FALSE
	EndGlobalSection
	GlobalSection(ExtensibilityGlobals) = postSolution
		SolutionGuid = {B6D66639-1A1E-46EC-8834-6BB5447F876C}
	EndGlobalSection
EndGlobal
